
Microsoft Visual Studio Solution File, Format Version 12.00
# Visual Studio 15
VisualStudioVersion = 15.0.28307.489
MinimumVisualStudioVersion = 10.0.40219.1
Project("{FAE04EC0-301F-11D3-BF4B-00C04F79EFBC}") = "SolidOtomasyon.Takip.UI", "SolidOtomasyon\SolidOtomasyon.Takip.UI.csproj", "{2897F962-712B-4F0D-8D68-9B8ACB1634D8}"
EndProject
Project("{FAE04EC0-301F-11D3-BF4B-00C04F79EFBC}") = "SolidOtomasyon.DAL", "SolidOtomasyon.DAL\SolidOtomasyon.DAL.csproj", "{3B424B18-AA29-4317-AED0-4D877EF64A92}"
EndProject
Project("{FAE04EC0-301F-11D3-BF4B-00C04F79EFBC}") = "SolidOtomasyon.Takip.BLL", "SolidOtomasyon.BLL\SolidOtomasyon.Takip.BLL.csproj", "{B3F1E923-9988-40E0-8BC7-B4A3E891EA3C}"
EndProject
Project("{FAE04EC0-301F-11D3-BF4B-00C04F79EFBC}") = "SolidOtomasyon.Takip.Data", "SolidOtomasyon.Takip.Data\SolidOtomasyon.Takip.Data.csproj", "{2E57CAD7-FF76-4C73-B221-160848CDC8B6}"
EndProject
Project("{FAE04EC0-301F-11D3-BF4B-00C04F79EFBC}") = "SolidOtomasyon.Takip.Model", "SolidOtomasyon.Takip.Model\SolidOtomasyon.Takip.Model.csproj", "{E907108D-0E22-4810-8F55-AB22F6578A43}"
EndProject
Project("{FAE04EC0-301F-11D3-BF4B-00C04F79EFBC}") = "SolidOtomasyon.Takip.Common", "SolidOtomasyon.Takip.Common\SolidOtomasyon.Takip.Common.csproj", "{BA3DA0DA-4BAE-448D-BEC2-EC7800E6C0B1}"
EndProject
Global
	GlobalSection(SolutionConfigurationPlatforms) = preSolution
		Debug|Any CPU = Debug|Any CPU
		Release|Any CPU = Release|Any CPU
	EndGlobalSection
	GlobalSection(ProjectConfigurationPlatforms) = postSolution
		{2897F962-712B-4F0D-8D68-9B8ACB1634D8}.Debug|Any CPU.ActiveCfg = Debug|Any CPU
		{2897F962-712B-4F0D-8D68-9B8ACB1634D8}.Debug|Any CPU.Build.0 = Debug|Any CPU
		{2897F962-712B-4F0D-8D68-9B8ACB1634D8}.Release|Any CPU.ActiveCfg = Release|Any CPU
		{2897F962-712B-4F0D-8D68-9B8ACB1634D8}.Release|Any CPU.Build.0 = Release|Any CPU
		{3B424B18-AA29-4317-AED0-4D877EF64A92}.Debug|Any CPU.ActiveCfg = Debug|Any CPU
		{3B424B18-AA29-4317-AED0-4D877EF64A92}.Debug|Any CPU.Build.0 = Debug|Any CPU
		{3B424B18-AA29-4317-AED0-4D877EF64A92}.Release|Any CPU.ActiveCfg = Release|Any CPU
		{3B424B18-AA29-4317-AED0-4D877EF64A92}.Release|Any CPU.Build.0 = Release|Any CPU
		{B3F1E923-9988-40E0-8BC7-B4A3E891EA3C}.Debug|Any CPU.ActiveCfg = Debug|Any CPU
		{B3F1E923-9988-40E0-8BC7-B4A3E891EA3C}.Debug|Any CPU.Build.0 = Debug|Any CPU
		{B3F1E923-9988-40E0-8BC7-B4A3E891EA3C}.Release|Any CPU.ActiveCfg = Release|Any CPU
		{B3F1E923-9988-40E0-8BC7-B4A3E891EA3C}.Release|Any CPU.Build.0 = Release|Any CPU
		{2E57CAD7-FF76-4C73-B221-160848CDC8B6}.Debug|Any CPU.ActiveCfg = Debug|Any CPU
		{2E57CAD7-FF76-4C73-B221-160848CDC8B6}.Debug|Any CPU.Build.0 = Debug|Any CPU
		{2E57CAD7-FF76-4C73-B221-160848CDC8B6}.Release|Any CPU.ActiveCfg = Release|Any CPU
		{2E57CAD7-FF76-4C73-B221-160848CDC8B6}.Release|Any CPU.Build.0 = Release|Any CPU
		{E907108D-0E22-4810-8F55-AB22F6578A43}.Debug|Any CPU.ActiveCfg = Debug|Any CPU
		{E907108D-0E22-4810-8F55-AB22F6578A43}.Debug|Any CPU.Build.0 = Debug|Any CPU
		{E907108D-0E22-4810-8F55-AB22F6578A43}.Release|Any CPU.ActiveCfg = Release|Any CPU
		{E907108D-0E22-4810-8F55-AB22F6578A43}.Release|Any CPU.Build.0 = Release|Any CPU
		{BA3DA0DA-4BAE-448D-BEC2-EC7800E6C0B1}.Debug|Any CPU.ActiveCfg = Debug|Any CPU
		{BA3DA0DA-4BAE-448D-BEC2-EC7800E6C0B1}.Debug|Any CPU.Build.0 = Debug|Any CPU
		{BA3DA0DA-4BAE-448D-BEC2-EC7800E6C0B1}.Release|Any CPU.ActiveCfg = Release|Any CPU
		{BA3DA0DA-4BAE-448D-BEC2-EC7800E6C0B1}.Release|Any CPU.Build.0 = Release|Any CPU
	EndGlobalSection
	GlobalSection(SolutionProperties) = preSolution
		HideSolutionNode = FALSE
	EndGlobalSection
	GlobalSection(ExtensibilityGlobals) = postSolution
		SolutionGuid = {F828C0B8-BEF6-4BCC-B96D-E6722FD4B1CF}
	EndGlobalSection
EndGlobal
